
Microsoft Visual Studio Solution File, Format Version 12.00
# Visual Studio Version 17
VisualStudioVersion = 17.11.35219.272
MinimumVisualStudioVersion = 10.0.40219.1
Project("{FAE04EC0-301F-11D3-BF4B-00C04F79EFBC}") = "SalesWebMvc", "SalesWebMvc\SalesWebMvc.csproj", "{578082FC-3046-4E2F-B887-315CEA4B67D1}"
EndProject
Global
	GlobalSection(SolutionConfigurationPlatforms) = preSolution
		Debug|Any CPU = Debug|Any CPU
		Release|Any CPU = Release|Any CPU
	EndGlobalSection
	GlobalSection(ProjectConfigurationPlatforms) = postSolution
		{578082FC-3046-4E2F-B887-315CEA4B67D1}.Debug|Any CPU.ActiveCfg = Debug|Any CPU
		{578082FC-3046-4E2F-B887-315CEA4B67D1}.Debug|Any CPU.Build.0 = Debug|Any CPU
		{578082FC-3046-4E2F-B887-315CEA4B67D1}.Release|Any CPU.ActiveCfg = Release|Any CPU
		{578082FC-3046-4E2F-B887-315CEA4B67D1}.Release|Any CPU.Build.0 = Release|Any CPU
	EndGlobalSection
	GlobalSection(SolutionProperties) = preSolution
		HideSolutionNode = FALSE
	EndGlobalSection
	GlobalSection(ExtensibilityGlobals) = postSolution
		SolutionGuid = {E2B7CD58-13D5-4D8A-A668-08E8A81824BD}
	EndGlobalSection
EndGlobal
